// !$*UTF8*$!
{
	archiveVersion = 1;
	classes = {
	};
	objectVersion = 50;
	objects = {

/* Begin PBXBuildFile section */
		1F6C0ACB2161DBD900D447E1 /* AppDelegate.swift in Sources */ = {isa = PBXBuildFile; fileRef = 1F6C0ACA2161DBD900D447E1 /* AppDelegate.swift */; };
		1F6C0ACD2161DBD900D447E1 /* ViewController.swift in Sources */ = {isa = PBXBuildFile; fileRef = 1F6C0ACC2161DBD900D447E1 /* ViewController.swift */; };
		1F6C0AD02161DBD900D447E1 /* Main.storyboard in Resources */ = {isa = PBXBuildFile; fileRef = 1F6C0ACE2161DBD900D447E1 /* Main.storyboard */; };
		1F6C0AD32161DBD900D447E1 /* collectionViewDemo.xcdatamodeld in Sources */ = {isa = PBXBuildFile; fileRef = 1F6C0AD12161DBD900D447E1 /* collectionViewDemo.xcdatamodeld */; };
		1F6C0AD52161DBDB00D447E1 /* Assets.xcassets in Resources */ = {isa = PBXBuildFile; fileRef = 1F6C0AD42161DBDB00D447E1 /* Assets.xcassets */; };
		1F6C0AD82161DBDB00D447E1 /* LaunchScreen.storyboard in Resources */ = {isa = PBXBuildFile; fileRef = 1F6C0AD62161DBDB00D447E1 /* LaunchScreen.storyboard */; };
/* End PBXBuildFile section */

/* Begin PBXFileReference section */
		1F6C0AC72161DBD900D447E1 /* collectionViewDemo.app */ = {isa = PBXFileReference; explicitFileType = wrapper.application; includeInIndex = 0; path = collectionViewDemo.app; sourceTree = BUILT_PRODUCTS_DIR; };
		1F6C0ACA2161DBD900D447E1 /* AppDelegate.swift */ = {isa = PBXFileReference; lastKnownFileType = sourcecode.swift; path = AppDelegate.swift; sourceTree = "<group>"; };
		1F6C0ACC2161DBD900D447E1 /* ViewController.swift */ = {isa = PBXFileReference; lastKnownFileType = sourcecode.swift; path = ViewController.swift; sourceTree = "<group>"; };
		1F6C0ACF2161DBD900D447E1 /* Base */ = {isa = PBXFileReference; lastKnownFileType = file.storyboard; name = Base; path = Base.lproj/Main.storyboard; sourceTree = "<group>"; };
		1F6C0AD22161DBD900D447E1 /* collectionViewDemo.xcdatamodel */ = {isa = PBXFileReference; lastKnownFileType = wrapper.xcdatamodel; path = collectionViewDemo.xcdatamodel; sourceTree = "<group>"; };
		1F6C0AD42161DBDB00D447E1 /* Assets.xcassets */ = {isa = PBXFileReference; lastKnownFileType = folder.assetcatalog; path = Assets.xcassets; sourceTree = "<group>"; };
		1F6C0AD72161DBDB00D447E1 /* Base */ = {isa = PBXFileReference; lastKnownFileType = file.storyboard; name = Base; path = Base.lproj/LaunchScreen.storyboard; sourceTree = "<group>"; };
		1F6C0AD92161DBDB00D447E1 /* Info.plist */ = {isa = PBXFileReference; lastKnownFileType = text.plist.xml; path = Info.plist; sourceTree = "<group>"; };
/* End PBXFileReference section */

/* Begin PBXFrameworksBuildPhase section */
		1F6C0AC42161DBD900D447E1 /* Frameworks */ = {
			isa = PBXFrameworksBuildPhase;
			buildActionMask = 2147483647;
			files = (
			);
			runOnlyForDeploymentPostprocessing = 0;
		};
/* End PBXFrameworksBuildPhase section */

/* Begin PBXGroup section */
		1F6C0ABE2161DBD900D447E1 = {
			isa = PBXGroup;
			children = (
				1F6C0AC92161DBD900D447E1 /* collectionViewDemo */,
				1F6C0AC82161DBD900D447E1 /* Products */,
			);
			sourceTree = "<group>";
		};
		1F6C0AC82161DBD900D447E1 /* Products */ = {
			isa = PBXGroup;
			children = (
				1F6C0AC72161DBD900D447E1 /* collectionViewDemo.app */,
			);
			name = Products;
			sourceTree = "<group>";
		};
		1F6C0AC92161DBD900D447E1 /* collectionViewDemo */ = {
			isa = PBXGroup;
			children = (
				1F6C0ACA2161DBD900D447E1 /* AppDelegate.swift */,
				1F6C0ACC2161DBD900D447E1 /* ViewController.swift */,
				1F6C0ACE2161DBD900D447E1 /* Main.storyboard */,
				1F6C0AD42161DBDB00D447E1 /* Assets.xcassets */,
				1F6C0AD62161DBDB00D447E1 /* LaunchScreen.storyboard */,
				1F6C0AD92161DBDB00D447E1 /* Info.plist */,
				1F6C0AD12161DBD900D447E1 /* collectionViewDemo.xcdatamodeld */,
			);
			path = collectionViewDemo;
			sourceTree = "<group>";
		};
/* End PBXGroup section */

/* Begin PBXNativeTarget section */
		1F6C0AC62161DBD900D447E1 /* collectionViewDemo */ = {
			isa = PBXNativeTarget;
			buildConfigurationList = 1F6C0ADC2161DBDB00D447E1 /* Build configuration list for PBXNativeTarget "collectionViewDemo" */;
			buildPhases = (
				1F6C0AC32161DBD900D447E1 /* Sources */,
				1F6C0AC42161DBD900D447E1 /* Frameworks */,
				1F6C0AC52161DBD900D447E1 /* Resources */,
			);
			buildRules = (
			);
			dependencies = (
			);
			name = collectionViewDemo;
			productName = collectionViewDemo;
			productReference = 1F6C0AC72161DBD900D447E1 /* collectionViewDemo.app */;
			productType = "com.apple.product-type.application";
		};
/* End PBXNativeTarget section */

/* Begin PBXProject section */
		1F6C0ABF2161DBD900D447E1 /* Project object */ = {
			isa = PBXProject;
			attributes = {
				LastSwiftUpdateCheck = 0940;
				LastUpgradeCheck = 0940;
				ORGANIZATIONNAME = XongoLab;
				TargetAttributes = {
					1F6C0AC62161DBD900D447E1 = {
						CreatedOnToolsVersion = 9.4.1;
					};
				};
			};
			buildConfigurationList = 1F6C0AC22161DBD900D447E1 /* Build configuration list for PBXProject "collectionViewDemo" */;
			compatibilityVersion = "Xcode 9.3";
			developmentRegion = en;
			hasScannedForEncodings = 0;
			knownRegions = (
				en,
				Base,
			);
			mainGroup = 1F6C0ABE2161DBD900D447E1;
			productRefGroup = 1F6C0AC82161DBD900D447E1 /* Products */;
			projectDirPath = "";
			projectRoot = "";
			targets = (
				1F6C0AC62161DBD900D447E1 /* collectionViewDemo */,
			);
		};
/* End PBXProject section */

/* Begin PBXResourcesBuildPhase section */
		1F6C0AC52161DBD900D447E1 /* Resources */ = {
			isa = PBXResourcesBuildPhase;
			buildActionMask = 2147483647;
			files = (
				1F6C0AD82161DBDB00D447E1 /* LaunchScreen.storyboard in Resources */,
				1F6C0AD52161DBDB00D447E1 /* Assets.xcassets in Resources */,
				1F6C0AD02161DBD900D447E1 /* Main.storyboard in Resources */,
			);
			runOnlyForDeploymentPostprocessing = 0;
		};
/* End PBXResourcesBuildPhase section */

/* Begin PBXSourcesBuildPhase section */
		1F6C0AC32161DBD900D447E1 /* Sources */ = {
			isa = PBXSourcesBuildPhase;
			buildActionMask = 2147483647;
			files = (
				1F6C0ACD2161DBD900D447E1 /* ViewController.swift in Sources */,
				1F6C0AD32161DBD900D447E1 /* collectionViewDemo.xcdatamodeld in Sources */,
				1F6C0ACB2161DBD900D447E1 /* AppDelegate.swift in Sources */,
			);
			runOnlyForDeploymentPostprocessing = 0;
		};
/* End PBXSourcesBuildPhase section */

/* Begin PBXVariantGroup section */
		1F6C0ACE2161DBD900D447E1 /* Main.storyboard */ = {
			isa = PBXVariantGroup;
			children = (
				1F6C0ACF2161DBD900D447E1 /* Base */,
			);
			name = Main.storyboard;
			sourceTree = "<group>";
		};
		1F6C0AD62161DBDB00D447E1 /* LaunchScreen.storyboard */ = {
			isa = PBXVariantGroup;
			children = (
				1F6C0AD72161DBDB00D447E1 /* Base */,
			);
			name = LaunchScreen.storyboard;
			sourceTree = "<group>";
		};
/* End PBXVariantGroup section */

/* Begin XCBuildConfiguration section */
		1F6C0ADA2161DBDB00D447E1 /* Debug */ = {
			isa = XCBuildConfiguration;
			buildSettings = {
				ALWAYS_SEARCH_USER_PATHS = NO;
				CLANG_ANALYZER_NONNULL = YES;
				CLANG_ANALYZER_NUMBER_OBJECT_CONVERSION = YES_AGGRESSIVE;
				CLANG_CXX_LANGUAGE_STANDARD = "gnu++14";
				CLANG_CXX_LIBRARY = "libc++";
				CLANG_ENABLE_MODULES = YES;
				CLANG_ENABLE_OBJC_ARC = YES;
				CLANG_ENABLE_OBJC_WEAK = YES;
				CLANG_WARN_BLOCK_CAPTURE_AUTORELEASING = YES;
				CLANG_WARN_BOOL_CONVERSION = YES;
				CLANG_WARN_COMMA = YES;
				CLANG_WARN_CONSTANT_CONVERSION = YES;
				CLANG_WARN_DEPRECATED_OBJC_IMPLEMENTATIONS = YES;
				CLANG_WARN_DIRECT_OBJC_ISA_USAGE = YES_ERROR;
				CLANG_WARN_DOCUMENTATION_COMMENTS = YES;
				CLANG_WARN_EMPTY_BODY = YES;
				CLANG_WARN_ENUM_CONVERSION = YES;
				CLANG_WARN_INFINITE_RECURSION = YES;
				CLANG_WARN_INT_CONVERSION = YES;
				CLANG_WARN_NON_LITERAL_NULL_CONVERSION = YES;
				CLANG_WARN_OBJC_IMPLICIT_RETAIN_SELF = YES;
				CLANG_WARN_OBJC_LITERAL_CONVERSION = YES;
				CLANG_WARN_OBJC_ROOT_CLASS = YES_ERROR;
				CLANG_WARN_RANGE_LOOP_ANALYSIS = YES;
				CLANG_WARN_STRICT_PROTOTYPES = YES;
				CLANG_WARN_SUSPICIOUS_MOVE = YES;
				CLANG_WARN_UNGUARDED_AVAILABILITY = YES_AGGRESSIVE;
				CLANG_WARN_UNREACHABLE_CODE = YES;
				CLANG_WARN__DUPLICATE_METHOD_MATCH = YES;
				CODE_SIGN_IDENTITY = "iPhone Developer";
				COPY_PHASE_STRIP = NO;
				DEBUG_INFORMATION_FORMAT = dwarf;
				ENABLE_STRICT_OBJC_MSGSEND = YES;
				ENABLE_TESTABILITY = YES;
				GCC_C_LANGUAGE_STANDARD = gnu11;
				GCC_DYNAMIC_NO_PIC = NO;
				GCC_NO_COMMON_BLOCKS = YES;
				GCC_OPTIMIZATION_LEVEL = 0;
				GCC_PREPROCESSOR_DEFINITIONS = (
					"DEBUG=1",
					"$(inherited)",
				);
				GCC_WARN_64_TO_32_BIT_CONVERSION = YES;
				GCC_WARN_ABOUT_RETURN_TYPE = YES_ERROR;
				GCC_WARN_UNDECLARED_SELECTOR = YES;
				GCC_WARN_UNINITIALIZED_AUTOS = YES_AGGRESSIVE;
				GCC_WARN_UNUSED_FUNCTION = YES;
				GCC_WARN_UNUSED_VARIABLE = YES;
				IPHONEOS_DEPLOYMENT_TARGET = 11.4;
				MTL_ENABLE_DEBUG_INFO = YES;
				ONLY_ACTIVE_ARCH = YES;
				SDKROOT = iphoneos;
				SWIFT_ACTIVE_COMPILATION_CONDITIONS = DEBUG;
				SWIFT_OPTIMIZATION_LEVEL = "-Onone";
			};
			name = Debug;
		};
		1F6C0ADB2161DBDB00D447E1 /* Release */ = {
			isa = XCBuildConfiguration;
			buildSettings = {
				ALWAYS_SEARCH_USER_PATHS = NO;
				CLANG_ANALYZER_NONNULL = YES;
				CLANG_ANALYZER_NUMBER_OBJECT_CONVERSION = YES_AGGRESSIVE;
				CLANG_CXX_LANGUAGE_STANDARD = "gnu++14";
				CLANG_CXX_LIBRARY = "libc++";
				CLANG_ENABLE_MODULES = YES;
				CLANG_ENABLE_OBJC_ARC = YES;
				CLANG_ENABLE_OBJC_WEAK = YES;
				CLANG_WARN_BLOCK_CAPTURE_AUTORELEASING = YES;
				CLANG_WARN_BOOL_CONVERSION = YES;
				CLANG_WARN_COMMA = YES;
				CLANG_WARN_CONSTANT_CONVERSION = YES;
				CLANG_WARN_DEPRECATED_OBJC_IMPLEMENTATIONS = YES;
				CLANG_WARN_DIRECT_OBJC_ISA_USAGE = YES_ERROR;
				CLANG_WARN_DOCUMENTATION_COMMENTS = YES;
				CLANG_WARN_EMPTY_BODY = YES;
				CLANG_WARN_ENUM_CONVERSION = YES;
				CLANG_WARN_INFINITE_RECURSION = YES;
				CLANG_WARN_INT_CONVERSION = YES;
				CLANG_WARN_NON_LITERAL_NULL_CONVERSION = YES;
				CLANG_WARN_OBJC_IMPLICIT_RETAIN_SELF = YES;
				CLANG_WARN_OBJC_LITERAL_CONVERSION = YES;
				CLANG_WARN_OBJC_ROOT_CLASS = YES_ERROR;
				CLANG_WARN_RANGE_LOOP_ANALYSIS = YES;
				CLANG_WARN_STRICT_PROTOTYPES = YES;
				CLANG_WARN_SUSPICIOUS_MOVE = YES;
				CLANG_WARN_UNGUARDED_AVAILABILITY = YES_AGGRESSIVE;
				CLANG_WARN_UNREACHABLE_CODE = YES;
				CLANG_WARN__DUPLICATE_METHOD_MATCH = YES;
				CODE_SIGN_IDENTITY = "iPhone Developer";
				COPY_PHASE_STRIP = NO;
				DEBUG_INFORMATION_FORMAT = "dwarf-with-dsym";
				ENABLE_NS_ASSERTIONS = NO;
				ENABLE_STRICT_OBJC_MSGSEND = YES;
				GCC_C_LANGUAGE_STANDARD = gnu11;
				GCC_NO_COMMON_BLOCKS = YES;
				GCC_WARN_64_TO_32_BIT_CONVERSION = YES;
				GCC_WARN_ABOUT_RETURN_TYPE = YES_ERROR;
				GCC_WARN_UNDECLARED_SELECTOR = YES;
				GCC_WARN_UNINITIALIZED_AUTOS = YES_AGGRESSIVE;
				GCC_WARN_UNUSED_FUNCTION = YES;
				GCC_WARN_UNUSED_VARIABLE = YES;
				IPHONEOS_DEPLOYMENT_TARGET = 11.4;
				MTL_ENABLE_DEBUG_INFO = NO;
				SDKROOT = iphoneos;
				SWIFT_COMPILATION_MODE = wholemodule;
				SWIFT_OPTIMIZATION_LEVEL = "-O";
				VALIDATE_PRODUCT = YES;
			};
			name = Release;
		};
		1F6C0ADD2161DBDB00D447E1 /* Debug */ = {
			isa = XCBuildConfiguration;
			buildSettings = {
				ASSETCATALOG_COMPILER_APPICON_NAME = AppIcon;
				CODE_SIGN_STYLE = Automatic;
				INFOPLIST_FILE = collectionViewDemo/Info.plist;
				LD_RUNPATH_SEARCH_PATHS = (
					"$(inherited)",
					"@executable_path/Frameworks",
				);
				PRODUCT_BUNDLE_IDENTIFIER = com.xl.collectionViewDemo;
				PRODUCT_NAME = "$(TARGET_NAME)";
				SWIFT_VERSION = 4.0;
				TARGETED_DEVICE_FAMILY = "1,2";
			};
			name = Debug;
		};
		1F6C0ADE2161DBDB00D447E1 /* Release */ = {
			isa = XCBuildConfiguration;
			buildSettings = {
				ASSETCATALOG_COMPILER_APPICON_NAME = AppIcon;
				CODE_SIGN_STYLE = Automatic;
				INFOPLIST_FILE = collectionViewDemo/Info.plist;
				LD_RUNPATH_SEARCH_PATHS = (
					"$(inherited)",
					"@executable_path/Frameworks",
				);
				PRODUCT_BUNDLE_IDENTIFIER = com.xl.collectionViewDemo;
				PRODUCT_NAME = "$(TARGET_NAME)";
				SWIFT_VERSION = 4.0;
				TARGETED_DEVICE_FAMILY = "1,2";
			};
			name = Release;
		};
/* End XCBuildConfiguration section */

/* Begin XCConfigurationList section */
		1F6C0AC22161DBD900D447E1 /* Build configuration list for PBXProject "collectionViewDemo" */ = {
			isa = XCConfigurationList;
			buildConfigurations = (
				1F6C0ADA2161DBDB00D447E1 /* Debug */,
				1F6C0ADB2161DBDB00D447E1 /* Release */,
			);
			defaultConfigurationIsVisible = 0;
			defaultConfigurationName = Release;
		};
		1F6C0ADC2161DBDB00D447E1 /* Build configuration list for PBXNativeTarget "collectionViewDemo" */ = {
			isa = XCConfigurationList;
			buildConfigurations = (
				1F6C0ADD2161DBDB00D447E1 /* Debug */,
				1F6C0ADE2161DBDB00D447E1 /* Release */,
			);
			defaultConfigurationIsVisible = 0;
			defaultConfigurationName = Release;
		};
/* End XCConfigurationList section */

/* Begin XCVersionGroup section */
		1F6C0AD12161DBD900D447E1 /* collectionViewDemo.xcdatamodeld */ = {
			isa = XCVersionGroup;
			children = (
				1F6C0AD22161DBD900D447E1 /* collectionViewDemo.xcdatamodel */,
			);
			currentVersion = 1F6C0AD22161DBD900D447E1 /* collectionViewDemo.xcdatamodel */;
			path = collectionViewDemo.xcdatamodeld;
			sourceTree = "<group>";
			versionGroupType = wrapper.xcdatamodel;
		};
/* End XCVersionGroup section */
	};
	rootObject = 1F6C0ABF2161DBD900D447E1 /* Project object */;
}
